
Microsoft Visual Studio Solution File, Format Version 12.00
# Visual Studio Version 17
VisualStudioVersion = 17.7.34202.233
MinimumVisualStudioVersion = 10.0.40219.1
Project("{8BC9CEB8-8B4A-11D0-8D11-00A0C91BC942}") = "AntivirusAssignment", "AntivirusAssignment.vcxproj", "{292F5A15-32FC-4808-8E97-4D856A1F5A98}"
EndProject
Global
	GlobalSection(SolutionConfigurationPlatforms) = preSolution
		Debug|x64 = Debug|x64
		Debug|x86 = Debug|x86
		Release|x64 = Release|x64
		Release|x86 = Release|x86
	EndGlobalSection
	GlobalSection(ProjectConfigurationPlatforms) = postSolution
		{292F5A15-32FC-4808-8E97-4D856A1F5A98}.Debug|x64.ActiveCfg = Debug|x64
		{292F5A15-32FC-4808-8E97-4D856A1F5A98}.Debug|x64.Build.0 = Debug|x64
		{292F5A15-32FC-4808-8E97-4D856A1F5A98}.Debug|x86.ActiveCfg = Debug|Win32
		{292F5A15-32FC-4808-8E97-4D856A1F5A98}.Debug|x86.Build.0 = Debug|Win32
		{292F5A15-32FC-4808-8E97-4D856A1F5A98}.Release|x64.ActiveCfg = Release|x64
		{292F5A15-32FC-4808-8E97-4D856A1F5A98}.Release|x64.Build.0 = Release|x64
		{292F5A15-32FC-4808-8E97-4D856A1F5A98}.Release|x86.ActiveCfg = Release|Win32
		{292F5A15-32FC-4808-8E97-4D856A1F5A98}.Release|x86.Build.0 = Release|Win32
	EndGlobalSection
	GlobalSection(SolutionProperties) = preSolution
		HideSolutionNode = FALSE
	EndGlobalSection
	GlobalSection(ExtensibilityGlobals) = postSolution
		SolutionGuid = {F978C2B3-CF50-4020-B903-FBEDF0ACD75D}
	EndGlobalSection
EndGlobal
